
Microsoft Visual Studio Solution File, Format Version 12.00
# Visual Studio 15
VisualStudioVersion = 15.0.26124.0
MinimumVisualStudioVersion = 15.0.26124.0
Project("{2150E333-8FDC-42A3-9474-1A3956D46DE8}") = "3.0 - Domain", "3.0 - Domain", "{402A21FF-69D4-45D1-81A2-E1B9619C5574}"
EndProject
Project("{FAE04EC0-301F-11D3-BF4B-00C04F79EFBC}") = "GameApi.Domain.Core", "3.0 - Domain\GameApi.Domain.Core\GameApi.Domain.Core.csproj", "{DB4F7949-4409-4209-85EF-2F3F676F5B0F}"
EndProject
Project("{FAE04EC0-301F-11D3-BF4B-00C04F79EFBC}") = "GameApi.Domain", "3.0 - Domain\GameApi.Domain\GameApi.Domain.csproj", "{F18E04F4-8615-4E61-860D-45DB3A5F9852}"
EndProject
Project("{FAE04EC0-301F-11D3-BF4B-00C04F79EFBC}") = "GameApi.Domain.Services", "3.0 - Domain\GameApi.Domain.Services\GameApi.Domain.Services.csproj", "{6EB20597-F788-434B-9341-EC4951AAFD07}"
EndProject
Project("{2150E333-8FDC-42A3-9474-1A3956D46DE8}") = "2.0 - Application", "2.0 - Application", "{E4121B02-1337-470C-A781-D32CCFE6BA74}"
EndProject
Project("{FAE04EC0-301F-11D3-BF4B-00C04F79EFBC}") = "GameApi.Application", "2.0 - Application\GameApi.Application\GameApi.Application.csproj", "{0E4EFD47-23B5-4E77-A31A-A72177F34CE5}"
EndProject
Project("{FAE04EC0-301F-11D3-BF4B-00C04F79EFBC}") = "GameApi.Application.Dto", "2.0 - Application\GameApi.Application.Dto\GameApi.Application.Dto.csproj", "{BA482F37-E355-4B87-B9E9-3767451BFB8C}"
EndProject
Project("{2150E333-8FDC-42A3-9474-1A3956D46DE8}") = "4.0 - Infrastructure", "4.0 - Infrastructure", "{FAB6D5BE-EE22-4ACB-B91F-F6A0E4380127}"
EndProject
Project("{FAE04EC0-301F-11D3-BF4B-00C04F79EFBC}") = "GameApi.Infrastructure.Data", "4.0 - Infrastructure\GameApi.Infrastructure.Data\GameApi.Infrastructure.Data.csproj", "{10C803CB-8E5C-406A-84EA-73D23CD4BB17}"
EndProject
Project("{FAE04EC0-301F-11D3-BF4B-00C04F79EFBC}") = "GameApi.Infrastructure.Repository", "4.0 - Infrastructure\GameApi.Infrastructure.Repository\GameApi.Infrastructure.Repository.csproj", "{625EAF74-DE96-4D76-B739-8A3058B9CA2D}"
EndProject
Project("{2150E333-8FDC-42A3-9474-1A3956D46DE8}") = "4.2 - CrossCutting", "4.2 - CrossCutting", "{B7E78CF0-14AA-43A5-A098-497F77751877}"
EndProject
Project("{FAE04EC0-301F-11D3-BF4B-00C04F79EFBC}") = "GameApi.Infrastruture.CrossCutting.Adapter", "4.2 - CrossCutting\GameApi.Infrastruture.CrossCutting.Adapter\GameApi.Infrastruture.CrossCutting.Adapter.csproj", "{3F6E2CBE-85A0-4169-9820-DC3AE7BC5498}"
EndProject
Project("{FAE04EC0-301F-11D3-BF4B-00C04F79EFBC}") = "GameApi.Infrastruture.CrossCutting.IOC", "4.2 - CrossCutting\GameApi.Infrastruture.CrossCutting.IOC\GameApi.Infrastruture.CrossCutting.IOC.csproj", "{A3672C40-02C4-41FA-9A33-F2A5FB1E252B}"
EndProject
Project("{2150E333-8FDC-42A3-9474-1A3956D46DE8}") = "1.0 - Presentation", "1.0 - Presentation", "{6E3E265E-28D2-4353-B030-8D41B77F2475}"
EndProject
Project("{FAE04EC0-301F-11D3-BF4B-00C04F79EFBC}") = "GameApi.Presentation", "1.0 - Presentation\GameApi.Presentation\GameApi.Presentation.csproj", "{4C69085E-2936-471B-B84A-7C33E6B83438}"
EndProject
Global
	GlobalSection(SolutionConfigurationPlatforms) = preSolution
		Debug|Any CPU = Debug|Any CPU
		Debug|x64 = Debug|x64
		Debug|x86 = Debug|x86
		Release|Any CPU = Release|Any CPU
		Release|x64 = Release|x64
		Release|x86 = Release|x86
	EndGlobalSection
	GlobalSection(SolutionProperties) = preSolution
		HideSolutionNode = FALSE
	EndGlobalSection
	GlobalSection(ProjectConfigurationPlatforms) = postSolution
		{4B9D6919-1EE7-43D9-9C93-6101AFA2681C}.Debug|Any CPU.ActiveCfg = Debug|Any CPU
		{4B9D6919-1EE7-43D9-9C93-6101AFA2681C}.Debug|Any CPU.Build.0 = Debug|Any CPU
		{4B9D6919-1EE7-43D9-9C93-6101AFA2681C}.Debug|x64.ActiveCfg = Debug|Any CPU
		{4B9D6919-1EE7-43D9-9C93-6101AFA2681C}.Debug|x64.Build.0 = Debug|Any CPU
		{4B9D6919-1EE7-43D9-9C93-6101AFA2681C}.Debug|x86.ActiveCfg = Debug|Any CPU
		{4B9D6919-1EE7-43D9-9C93-6101AFA2681C}.Debug|x86.Build.0 = Debug|Any CPU
		{4B9D6919-1EE7-43D9-9C93-6101AFA2681C}.Release|Any CPU.ActiveCfg = Release|Any CPU
		{4B9D6919-1EE7-43D9-9C93-6101AFA2681C}.Release|Any CPU.Build.0 = Release|Any CPU
		{4B9D6919-1EE7-43D9-9C93-6101AFA2681C}.Release|x64.ActiveCfg = Release|Any CPU
		{4B9D6919-1EE7-43D9-9C93-6101AFA2681C}.Release|x64.Build.0 = Release|Any CPU
		{4B9D6919-1EE7-43D9-9C93-6101AFA2681C}.Release|x86.ActiveCfg = Release|Any CPU
		{4B9D6919-1EE7-43D9-9C93-6101AFA2681C}.Release|x86.Build.0 = Release|Any CPU
		{DB4F7949-4409-4209-85EF-2F3F676F5B0F}.Debug|Any CPU.ActiveCfg = Debug|Any CPU
		{DB4F7949-4409-4209-85EF-2F3F676F5B0F}.Debug|Any CPU.Build.0 = Debug|Any CPU
		{DB4F7949-4409-4209-85EF-2F3F676F5B0F}.Debug|x64.ActiveCfg = Debug|Any CPU
		{DB4F7949-4409-4209-85EF-2F3F676F5B0F}.Debug|x64.Build.0 = Debug|Any CPU
		{DB4F7949-4409-4209-85EF-2F3F676F5B0F}.Debug|x86.ActiveCfg = Debug|Any CPU
		{DB4F7949-4409-4209-85EF-2F3F676F5B0F}.Debug|x86.Build.0 = Debug|Any CPU
		{DB4F7949-4409-4209-85EF-2F3F676F5B0F}.Release|Any CPU.ActiveCfg = Release|Any CPU
		{DB4F7949-4409-4209-85EF-2F3F676F5B0F}.Release|Any CPU.Build.0 = Release|Any CPU
		{DB4F7949-4409-4209-85EF-2F3F676F5B0F}.Release|x64.ActiveCfg = Release|Any CPU
		{DB4F7949-4409-4209-85EF-2F3F676F5B0F}.Release|x64.Build.0 = Release|Any CPU
		{DB4F7949-4409-4209-85EF-2F3F676F5B0F}.Release|x86.ActiveCfg = Release|Any CPU
		{DB4F7949-4409-4209-85EF-2F3F676F5B0F}.Release|x86.Build.0 = Release|Any CPU
		{F18E04F4-8615-4E61-860D-45DB3A5F9852}.Debug|Any CPU.ActiveCfg = Debug|Any CPU
		{F18E04F4-8615-4E61-860D-45DB3A5F9852}.Debug|Any CPU.Build.0 = Debug|Any CPU
		{F18E04F4-8615-4E61-860D-45DB3A5F9852}.Debug|x64.ActiveCfg = Debug|Any CPU
		{F18E04F4-8615-4E61-860D-45DB3A5F9852}.Debug|x64.Build.0 = Debug|Any CPU
		{F18E04F4-8615-4E61-860D-45DB3A5F9852}.Debug|x86.ActiveCfg = Debug|Any CPU
		{F18E04F4-8615-4E61-860D-45DB3A5F9852}.Debug|x86.Build.0 = Debug|Any CPU
		{F18E04F4-8615-4E61-860D-45DB3A5F9852}.Release|Any CPU.ActiveCfg = Release|Any CPU
		{F18E04F4-8615-4E61-860D-45DB3A5F9852}.Release|Any CPU.Build.0 = Release|Any CPU
		{F18E04F4-8615-4E61-860D-45DB3A5F9852}.Release|x64.ActiveCfg = Release|Any CPU
		{F18E04F4-8615-4E61-860D-45DB3A5F9852}.Release|x64.Build.0 = Release|Any CPU
		{F18E04F4-8615-4E61-860D-45DB3A5F9852}.Release|x86.ActiveCfg = Release|Any CPU
		{F18E04F4-8615-4E61-860D-45DB3A5F9852}.Release|x86.Build.0 = Release|Any CPU
		{6EB20597-F788-434B-9341-EC4951AAFD07}.Debug|Any CPU.ActiveCfg = Debug|Any CPU
		{6EB20597-F788-434B-9341-EC4951AAFD07}.Debug|Any CPU.Build.0 = Debug|Any CPU
		{6EB20597-F788-434B-9341-EC4951AAFD07}.Debug|x64.ActiveCfg = Debug|Any CPU
		{6EB20597-F788-434B-9341-EC4951AAFD07}.Debug|x64.Build.0 = Debug|Any CPU
		{6EB20597-F788-434B-9341-EC4951AAFD07}.Debug|x86.ActiveCfg = Debug|Any CPU
		{6EB20597-F788-434B-9341-EC4951AAFD07}.Debug|x86.Build.0 = Debug|Any CPU
		{6EB20597-F788-434B-9341-EC4951AAFD07}.Release|Any CPU.ActiveCfg = Release|Any CPU
		{6EB20597-F788-434B-9341-EC4951AAFD07}.Release|Any CPU.Build.0 = Release|Any CPU
		{6EB20597-F788-434B-9341-EC4951AAFD07}.Release|x64.ActiveCfg = Release|Any CPU
		{6EB20597-F788-434B-9341-EC4951AAFD07}.Release|x64.Build.0 = Release|Any CPU
		{6EB20597-F788-434B-9341-EC4951AAFD07}.Release|x86.ActiveCfg = Release|Any CPU
		{6EB20597-F788-434B-9341-EC4951AAFD07}.Release|x86.Build.0 = Release|Any CPU
		{0E4EFD47-23B5-4E77-A31A-A72177F34CE5}.Debug|Any CPU.ActiveCfg = Debug|Any CPU
		{0E4EFD47-23B5-4E77-A31A-A72177F34CE5}.Debug|Any CPU.Build.0 = Debug|Any CPU
		{0E4EFD47-23B5-4E77-A31A-A72177F34CE5}.Debug|x64.ActiveCfg = Debug|Any CPU
		{0E4EFD47-23B5-4E77-A31A-A72177F34CE5}.Debug|x64.Build.0 = Debug|Any CPU
		{0E4EFD47-23B5-4E77-A31A-A72177F34CE5}.Debug|x86.ActiveCfg = Debug|Any CPU
		{0E4EFD47-23B5-4E77-A31A-A72177F34CE5}.Debug|x86.Build.0 = Debug|Any CPU
		{0E4EFD47-23B5-4E77-A31A-A72177F34CE5}.Release|Any CPU.ActiveCfg = Release|Any CPU
		{0E4EFD47-23B5-4E77-A31A-A72177F34CE5}.Release|Any CPU.Build.0 = Release|Any CPU
		{0E4EFD47-23B5-4E77-A31A-A72177F34CE5}.Release|x64.ActiveCfg = Release|Any CPU
		{0E4EFD47-23B5-4E77-A31A-A72177F34CE5}.Release|x64.Build.0 = Release|Any CPU
		{0E4EFD47-23B5-4E77-A31A-A72177F34CE5}.Release|x86.ActiveCfg = Release|Any CPU
		{0E4EFD47-23B5-4E77-A31A-A72177F34CE5}.Release|x86.Build.0 = Release|Any CPU
		{BA482F37-E355-4B87-B9E9-3767451BFB8C}.Debug|Any CPU.ActiveCfg = Debug|Any CPU
		{BA482F37-E355-4B87-B9E9-3767451BFB8C}.Debug|Any CPU.Build.0 = Debug|Any CPU
		{BA482F37-E355-4B87-B9E9-3767451BFB8C}.Debug|x64.ActiveCfg = Debug|Any CPU
		{BA482F37-E355-4B87-B9E9-3767451BFB8C}.Debug|x64.Build.0 = Debug|Any CPU
		{BA482F37-E355-4B87-B9E9-3767451BFB8C}.Debug|x86.ActiveCfg = Debug|Any CPU
		{BA482F37-E355-4B87-B9E9-3767451BFB8C}.Debug|x86.Build.0 = Debug|Any CPU
		{BA482F37-E355-4B87-B9E9-3767451BFB8C}.Release|Any CPU.ActiveCfg = Release|Any CPU
		{BA482F37-E355-4B87-B9E9-3767451BFB8C}.Release|Any CPU.Build.0 = Release|Any CPU
		{BA482F37-E355-4B87-B9E9-3767451BFB8C}.Release|x64.ActiveCfg = Release|Any CPU
		{BA482F37-E355-4B87-B9E9-3767451BFB8C}.Release|x64.Build.0 = Release|Any CPU
		{BA482F37-E355-4B87-B9E9-3767451BFB8C}.Release|x86.ActiveCfg = Release|Any CPU
		{BA482F37-E355-4B87-B9E9-3767451BFB8C}.Release|x86.Build.0 = Release|Any CPU
		{10C803CB-8E5C-406A-84EA-73D23CD4BB17}.Debug|Any CPU.ActiveCfg = Debug|Any CPU
		{10C803CB-8E5C-406A-84EA-73D23CD4BB17}.Debug|Any CPU.Build.0 = Debug|Any CPU
		{10C803CB-8E5C-406A-84EA-73D23CD4BB17}.Debug|x64.ActiveCfg = Debug|Any CPU
		{10C803CB-8E5C-406A-84EA-73D23CD4BB17}.Debug|x64.Build.0 = Debug|Any CPU
		{10C803CB-8E5C-406A-84EA-73D23CD4BB17}.Debug|x86.ActiveCfg = Debug|Any CPU
		{10C803CB-8E5C-406A-84EA-73D23CD4BB17}.Debug|x86.Build.0 = Debug|Any CPU
		{10C803CB-8E5C-406A-84EA-73D23CD4BB17}.Release|Any CPU.ActiveCfg = Release|Any CPU
		{10C803CB-8E5C-406A-84EA-73D23CD4BB17}.Release|Any CPU.Build.0 = Release|Any CPU
		{10C803CB-8E5C-406A-84EA-73D23CD4BB17}.Release|x64.ActiveCfg = Release|Any CPU
		{10C803CB-8E5C-406A-84EA-73D23CD4BB17}.Release|x64.Build.0 = Release|Any CPU
		{10C803CB-8E5C-406A-84EA-73D23CD4BB17}.Release|x86.ActiveCfg = Release|Any CPU
		{10C803CB-8E5C-406A-84EA-73D23CD4BB17}.Release|x86.Build.0 = Release|Any CPU
		{625EAF74-DE96-4D76-B739-8A3058B9CA2D}.Debug|Any CPU.ActiveCfg = Debug|Any CPU
		{625EAF74-DE96-4D76-B739-8A3058B9CA2D}.Debug|Any CPU.Build.0 = Debug|Any CPU
		{625EAF74-DE96-4D76-B739-8A3058B9CA2D}.Debug|x64.ActiveCfg = Debug|Any CPU
		{625EAF74-DE96-4D76-B739-8A3058B9CA2D}.Debug|x64.Build.0 = Debug|Any CPU
		{625EAF74-DE96-4D76-B739-8A3058B9CA2D}.Debug|x86.ActiveCfg = Debug|Any CPU
		{625EAF74-DE96-4D76-B739-8A3058B9CA2D}.Debug|x86.Build.0 = Debug|Any CPU
		{625EAF74-DE96-4D76-B739-8A3058B9CA2D}.Release|Any CPU.ActiveCfg = Release|Any CPU
		{625EAF74-DE96-4D76-B739-8A3058B9CA2D}.Release|Any CPU.Build.0 = Release|Any CPU
		{625EAF74-DE96-4D76-B739-8A3058B9CA2D}.Release|x64.ActiveCfg = Release|Any CPU
		{625EAF74-DE96-4D76-B739-8A3058B9CA2D}.Release|x64.Build.0 = Release|Any CPU
		{625EAF74-DE96-4D76-B739-8A3058B9CA2D}.Release|x86.ActiveCfg = Release|Any CPU
		{625EAF74-DE96-4D76-B739-8A3058B9CA2D}.Release|x86.Build.0 = Release|Any CPU
		{3F6E2CBE-85A0-4169-9820-DC3AE7BC5498}.Debug|Any CPU.ActiveCfg = Debug|Any CPU
		{3F6E2CBE-85A0-4169-9820-DC3AE7BC5498}.Debug|Any CPU.Build.0 = Debug|Any CPU
		{3F6E2CBE-85A0-4169-9820-DC3AE7BC5498}.Debug|x64.ActiveCfg = Debug|Any CPU
		{3F6E2CBE-85A0-4169-9820-DC3AE7BC5498}.Debug|x64.Build.0 = Debug|Any CPU
		{3F6E2CBE-85A0-4169-9820-DC3AE7BC5498}.Debug|x86.ActiveCfg = Debug|Any CPU
		{3F6E2CBE-85A0-4169-9820-DC3AE7BC5498}.Debug|x86.Build.0 = Debug|Any CPU
		{3F6E2CBE-85A0-4169-9820-DC3AE7BC5498}.Release|Any CPU.ActiveCfg = Release|Any CPU
		{3F6E2CBE-85A0-4169-9820-DC3AE7BC5498}.Release|Any CPU.Build.0 = Release|Any CPU
		{3F6E2CBE-85A0-4169-9820-DC3AE7BC5498}.Release|x64.ActiveCfg = Release|Any CPU
		{3F6E2CBE-85A0-4169-9820-DC3AE7BC5498}.Release|x64.Build.0 = Release|Any CPU
		{3F6E2CBE-85A0-4169-9820-DC3AE7BC5498}.Release|x86.ActiveCfg = Release|Any CPU
		{3F6E2CBE-85A0-4169-9820-DC3AE7BC5498}.Release|x86.Build.0 = Release|Any CPU
		{A3672C40-02C4-41FA-9A33-F2A5FB1E252B}.Debug|Any CPU.ActiveCfg = Debug|Any CPU
		{A3672C40-02C4-41FA-9A33-F2A5FB1E252B}.Debug|Any CPU.Build.0 = Debug|Any CPU
		{A3672C40-02C4-41FA-9A33-F2A5FB1E252B}.Debug|x64.ActiveCfg = Debug|Any CPU
		{A3672C40-02C4-41FA-9A33-F2A5FB1E252B}.Debug|x64.Build.0 = Debug|Any CPU
		{A3672C40-02C4-41FA-9A33-F2A5FB1E252B}.Debug|x86.ActiveCfg = Debug|Any CPU
		{A3672C40-02C4-41FA-9A33-F2A5FB1E252B}.Debug|x86.Build.0 = Debug|Any CPU
		{A3672C40-02C4-41FA-9A33-F2A5FB1E252B}.Release|Any CPU.ActiveCfg = Release|Any CPU
		{A3672C40-02C4-41FA-9A33-F2A5FB1E252B}.Release|Any CPU.Build.0 = Release|Any CPU
		{A3672C40-02C4-41FA-9A33-F2A5FB1E252B}.Release|x64.ActiveCfg = Release|Any CPU
		{A3672C40-02C4-41FA-9A33-F2A5FB1E252B}.Release|x64.Build.0 = Release|Any CPU
		{A3672C40-02C4-41FA-9A33-F2A5FB1E252B}.Release|x86.ActiveCfg = Release|Any CPU
		{A3672C40-02C4-41FA-9A33-F2A5FB1E252B}.Release|x86.Build.0 = Release|Any CPU
		{4C69085E-2936-471B-B84A-7C33E6B83438}.Debug|Any CPU.ActiveCfg = Debug|Any CPU
		{4C69085E-2936-471B-B84A-7C33E6B83438}.Debug|Any CPU.Build.0 = Debug|Any CPU
		{4C69085E-2936-471B-B84A-7C33E6B83438}.Debug|x64.ActiveCfg = Debug|Any CPU
		{4C69085E-2936-471B-B84A-7C33E6B83438}.Debug|x64.Build.0 = Debug|Any CPU
		{4C69085E-2936-471B-B84A-7C33E6B83438}.Debug|x86.ActiveCfg = Debug|Any CPU
		{4C69085E-2936-471B-B84A-7C33E6B83438}.Debug|x86.Build.0 = Debug|Any CPU
		{4C69085E-2936-471B-B84A-7C33E6B83438}.Release|Any CPU.ActiveCfg = Release|Any CPU
		{4C69085E-2936-471B-B84A-7C33E6B83438}.Release|Any CPU.Build.0 = Release|Any CPU
		{4C69085E-2936-471B-B84A-7C33E6B83438}.Release|x64.ActiveCfg = Release|Any CPU
		{4C69085E-2936-471B-B84A-7C33E6B83438}.Release|x64.Build.0 = Release|Any CPU
		{4C69085E-2936-471B-B84A-7C33E6B83438}.Release|x86.ActiveCfg = Release|Any CPU
		{4C69085E-2936-471B-B84A-7C33E6B83438}.Release|x86.Build.0 = Release|Any CPU
	EndGlobalSection
	GlobalSection(NestedProjects) = preSolution
		{DB4F7949-4409-4209-85EF-2F3F676F5B0F} = {402A21FF-69D4-45D1-81A2-E1B9619C5574}
		{F18E04F4-8615-4E61-860D-45DB3A5F9852} = {402A21FF-69D4-45D1-81A2-E1B9619C5574}
		{6EB20597-F788-434B-9341-EC4951AAFD07} = {402A21FF-69D4-45D1-81A2-E1B9619C5574}
		{0E4EFD47-23B5-4E77-A31A-A72177F34CE5} = {E4121B02-1337-470C-A781-D32CCFE6BA74}
		{BA482F37-E355-4B87-B9E9-3767451BFB8C} = {E4121B02-1337-470C-A781-D32CCFE6BA74}
		{10C803CB-8E5C-406A-84EA-73D23CD4BB17} = {FAB6D5BE-EE22-4ACB-B91F-F6A0E4380127}
		{625EAF74-DE96-4D76-B739-8A3058B9CA2D} = {FAB6D5BE-EE22-4ACB-B91F-F6A0E4380127}
		{3F6E2CBE-85A0-4169-9820-DC3AE7BC5498} = {B7E78CF0-14AA-43A5-A098-497F77751877}
		{A3672C40-02C4-41FA-9A33-F2A5FB1E252B} = {B7E78CF0-14AA-43A5-A098-497F77751877}
		{4C69085E-2936-471B-B84A-7C33E6B83438} = {6E3E265E-28D2-4353-B030-8D41B77F2475}
	EndGlobalSection
EndGlobal
